
Microsoft Visual Studio Solution File, Format Version 12.00
# Visual Studio Version 17
VisualStudioVersion = 17.2.32630.192
MinimumVisualStudioVersion = 10.0.40219.1
Project("{FAE04EC0-301F-11D3-BF4B-00C04F79EFBC}") = "Ejercici0_2", "Ejercici0_2.csproj", "{D543F3C7-9E78-46E3-8484-F2F242482977}"
EndProject
Global
	GlobalSection(SolutionConfigurationPlatforms) = preSolution
		Debug|Any CPU = Debug|Any CPU
		Release|Any CPU = Release|Any CPU
	EndGlobalSection
	GlobalSection(ProjectConfigurationPlatforms) = postSolution
		{D543F3C7-9E78-46E3-8484-F2F242482977}.Debug|Any CPU.ActiveCfg = Debug|Any CPU
		{D543F3C7-9E78-46E3-8484-F2F242482977}.Debug|Any CPU.Build.0 = Debug|Any CPU
		{D543F3C7-9E78-46E3-8484-F2F242482977}.Release|Any CPU.ActiveCfg = Release|Any CPU
		{D543F3C7-9E78-46E3-8484-F2F242482977}.Release|Any CPU.Build.0 = Release|Any CPU
	EndGlobalSection
	GlobalSection(SolutionProperties) = preSolution
		HideSolutionNode = FALSE
	EndGlobalSection
	GlobalSection(ExtensibilityGlobals) = postSolution
		SolutionGuid = {A1BBBB32-ED1A-497D-AFCF-A04EC80C965D}
	EndGlobalSection
EndGlobal
